
Microsoft Visual Studio Solution File, Format Version 12.00
# Visual Studio Version 16
VisualStudioVersion = 16.0.31112.23
MinimumVisualStudioVersion = 10.0.40219.1
Project("{FAE04EC0-301F-11D3-BF4B-00C04F79EFBC}") = "SeleniumAutomation", "SeleniumAutomation\SeleniumAutomation.csproj", "{2D809D5F-0862-4C4D-946F-C339A7058A79}"
EndProject
Project("{FAE04EC0-301F-11D3-BF4B-00C04F79EFBC}") = "SeleniumGUI", "SeleniumGUI\SeleniumGUI.csproj", "{195E4811-55EA-4F1B-816A-A9310769C6F2}"
EndProject
Global
	GlobalSection(SolutionConfigurationPlatforms) = preSolution
		Debug|Any CPU = Debug|Any CPU
		Release|Any CPU = Release|Any CPU
	EndGlobalSection
	GlobalSection(ProjectConfigurationPlatforms) = postSolution
		{2D809D5F-0862-4C4D-946F-C339A7058A79}.Debug|Any CPU.ActiveCfg = Debug|Any CPU
		{2D809D5F-0862-4C4D-946F-C339A7058A79}.Debug|Any CPU.Build.0 = Debug|Any CPU
		{2D809D5F-0862-4C4D-946F-C339A7058A79}.Release|Any CPU.ActiveCfg = Release|Any CPU
		{2D809D5F-0862-4C4D-946F-C339A7058A79}.Release|Any CPU.Build.0 = Release|Any CPU
		{195E4811-55EA-4F1B-816A-A9310769C6F2}.Debug|Any CPU.ActiveCfg = Debug|Any CPU
		{195E4811-55EA-4F1B-816A-A9310769C6F2}.Debug|Any CPU.Build.0 = Debug|Any CPU
		{195E4811-55EA-4F1B-816A-A9310769C6F2}.Release|Any CPU.ActiveCfg = Release|Any CPU
		{195E4811-55EA-4F1B-816A-A9310769C6F2}.Release|Any CPU.Build.0 = Release|Any CPU
	EndGlobalSection
	GlobalSection(SolutionProperties) = preSolution
		HideSolutionNode = FALSE
	EndGlobalSection
	GlobalSection(ExtensibilityGlobals) = postSolution
		SolutionGuid = {CE542246-84FF-43CC-AE41-B88C5CF9746D}
	EndGlobalSection
EndGlobal
